lockfileVersion: '9.0'

settings:
  autoInstallPeers: false
  excludeLinksFromLockfile: false

overrides:
  '@napi-rs/wasm-runtime': 1.1.1
  '@prettier/plugin-oxc>oxc-parser': '*'

importers:

  .:
    devDependencies:
      '@standard-config/prettier':
        specifier: ^1.12.0
        version: 1.12.0(prettier@3.8.2)
      prettier:
        specifier: ^3.8.2
        version: 3.8.2
      simple-git-hooks:
        specifier: ^2.13.1
        version: 2.13.1

packages:

  '@emnapi/core@1.9.2':
    resolution: {integrity: sha512-UC+ZhH3XtczQYfOlu3lNEkdW/p4dsJ1r/bP7H8+rhao3TTTMO1ATq/4DdIi23XuGoFY+Cz0JmCbdVl0hz9jZcA==}

  '@emnapi/runtime@1.9.2':
    resolution: {integrity: sha512-3U4+MIWHImeyu1wnmVygh5WlgfYDtyf0k8AbLhMFxOipihf6nrWC4syIm/SwEeec0mNSafiiNnMJwbza/Is6Lw==}

  '@emnapi/wasi-threads@1.2.1':
    resolution: {integrity: sha512-uTII7OYF+/Mes/MrcIOYp5yOtSMLBWSIoLPpcgwipoiKbli6k322tcoFsxoIIxPDqW01SQGAgko4EzZi2BNv2w==}

  '@napi-rs/wasm-runtime@1.1.1':
    resolution: {integrity: sha512-p64ah1M1ld8xjWv3qbvFwHiFVWrq1yFvV4f7w+mzaqiR4IlSgkqhcRdHwsGgomwzBH51sRY4NEowLxnaBjcW/A==}

  '@oxc-parser/binding-android-arm-eabi@0.124.0':
    resolution: {integrity: sha512-+R9zCafSL8ovjokdPtorUp3sXrh8zQ2AC2L0ivXNvlLR0WS+5WdPkNVrnENq5UvzagM4Xgl0NPsJKz3Hv9+y8g==}
    engines: {node: ^20.19.0 || >=22.12.0}
    cpu: [arm]
    os: [android]

  '@oxc-parser/binding-android-arm64@0.124.0':
    resolution: {integrity: sha512-ULHC/gVZ+nP4pd3kNNQTYaQ/e066BW/KuY5qUsvwkVWwOUQGDg+WpfyVOmQ4xfxoue6cMlkKkJ+ntdzfDXpNlg==}
    engines: {node: ^20.19.0 || >=22.12.0}
    cpu: [arm64]
    os: [android]

  '@oxc-parser/binding-darwin-arm64@0.124.0':
    resolution: {integrity: sha512-fGJ2hw7bnbUYn6UvTjp0m4WJ9zXz3cohgcwcgeo7gUZehpPNpvcVEVeIVHNmHnAuAw/ysf4YJR8DA1E+xCA4Lw==}
    engines: {node: ^20.19.0 || >=22.12.0}
    cpu: [arm64]
    os: [darwin]

  '@oxc-parser/binding-darwin-x64@0.124.0':
    resolution: {integrity: sha512-j0+re9pgps5BH2Tk3fm59Hi3QuLP3C4KhqXi6A+wRHHHJWDFR8mc/KI9mBrfk2JRT+15doGo+zv1eN75/9DuOw==}
    engines: {node: ^20.19.0 || >=22.12.0}
    cpu: [x64]
    os: [darwin]

  '@oxc-parser/binding-freebsd-x64@0.124.0':
    resolution: {integrity: sha512-0k5mS0npnrhKy72UfF51lpOZ2ESoPWn6gdFw+RdeRWcokraDW1O2kSx3laQ+yk7cCEavQdJSpWCYS/GvBbUCXQ==}
    engines: {node: ^20.19.0 || >=22.12.0}
    cpu: [x64]
    os: [freebsd]

  '@oxc-parser/binding-linux-arm-gnueabihf@0.124.0':
    resolution: {integrity: sha512-P/i4eguRWvAUfGdfhQYg1jpwYkyUV6D3gefIH7HhmRl1Ph6P4IqTIEVcyJr1i/3vr1V5OHU4wonH6/ue/Qzvrw==}
    engines: {node: ^20.19.0 || >=22.12.0}
    cpu: [arm]
    os: [linux]

  '@oxc-parser/binding-linux-arm-musleabihf@0.124.0':
    resolution: {integrity: sha512-/ameqFQH5fFP+66Atr8Ynv/2rYe4utcU7L4MoWS5JtrFLVO78g4qDLavyIlJxa6caSwYOvG/eO3c/DXqY5/6Rw==}
    engines: {node: ^20.19.0 || >=22.12.0}
    cpu: [arm]
    os: [linux]

  '@oxc-parser/binding-linux-arm64-gnu@0.124.0':
    resolution: {integrity: sha512-gNeyEcXTtfrRCbj2EfxWU85Fs0wIX3p44Y3twnvuMfkWlLrb9M1Z25AYNSKjJM+fdAjeeQCjw0on47zFuBYwQw==}
    engines: {node: ^20.19.0 || >=22.12.0}
    cpu: [arm64]
    os: [linux]
    libc: [glibc]

  '@oxc-parser/binding-linux-arm64-musl@0.124.0':
    resolution: {integrity: sha512-uvG7v4Tz9S8/PVqY0SP0DLHxo4hZGe+Pv2tGVnwcsjKCCUPjplbrFVvDzXq+kOaEoUkiCY0Kt1hlZ6FDJ1LKNQ==}
    engines: {node: ^20.19.0 || >=22.12.0}
    cpu: [arm64]
    os: [linux]
    libc: [musl]

  '@oxc-parser/binding-linux-ppc64-gnu@0.124.0':
    resolution: {integrity: sha512-t7KZaaUhfp2au0MRpoENEFqwLKYDdptEry6V7pTAVdPEcFG4P6ii8yeGU9m6p5vb+b8WEKmdpGMNXBEYy7iJdw==}
    engines: {node: ^20.19.0 || >=22.12.0}
    cpu: [ppc64]
    os: [linux]
    libc: [glibc]

  '@oxc-parser/binding-linux-riscv64-gnu@0.124.0':
    resolution: {integrity: sha512-eurGGaxHZiIQ+fBSageS8TAkRqZgdOiBeqNrWAqAPup9hXBTmQ0WcBjwsLElf+3jvDL9NhnX0dOgOqPfsjSjdg==}
    engines: {node: ^20.19.0 || >=22.12.0}
    cpu: [riscv64]
    os: [linux]
    libc: [glibc]

  '@oxc-parser/binding-linux-riscv64-musl@0.124.0':
    resolution: {integrity: sha512-d1V7/ll1i/LhqE/gZy6Wbz6evlk0egh2XKkwMI3epiojtbtUwQSLIER0Y3yDBBocPuWOjJdvmjtEmPTTLXje/w==}
    engines: {node: ^20.19.0 || >=22.12.0}
    cpu: [riscv64]
    os: [linux]
    libc: [musl]

  '@oxc-parser/binding-linux-s390x-gnu@0.124.0':
    resolution: {integrity: sha512-w1+cBvriUteOpox6ATqCFVkpGL47PFdcfCPGmgUZbd78Fw44U0gQkc+kVGvAOTvGrptMYgwomD1c6OTVvkrpGg==}
    engines: {node: ^20.19.0 || >=22.12.0}
    cpu: [s390x]
    os: [linux]
    libc: [glibc]

  '@oxc-parser/binding-linux-x64-gnu@0.124.0':
    resolution: {integrity: sha512-RRB1evQiXRtMCsQQiAh9U0H3HzguLpE0ytfStuhRgmOj7tqUCOVxkHsvM9geZjAax6NqVRj7VXx32qjjkZPsBw==}
    engines: {node: ^20.19.0 || >=22.12.0}
    cpu: [x64]
    os: [linux]
    libc: [glibc]

  '@oxc-parser/binding-linux-x64-musl@0.124.0':
    resolution: {integrity: sha512-asVYN0qmSHlCU8H9Q47SmeJ/Z5EG4IWCC+QGxkfFboI5qh15aLlJnHmnrV61MwQRPXGnVC/sC3qKhrUyqGxUqw==}
    engines: {node: ^20.19.0 || >=22.12.0}
    cpu: [x64]
    os: [linux]
    libc: [musl]

  '@oxc-parser/binding-openharmony-arm64@0.124.0':
    resolution: {integrity: sha512-nhwuxm6B8pn9lzAzMUfa571L5hCXYwQo8C8cx5aGOuHWCzruR8gPJnRRXGBci+uGaIIQEZDyU/U6HDgrSp/JlQ==}
    engines: {node: ^20.19.0 || >=22.12.0}
    cpu: [arm64]
    os: [openharmony]

  '@oxc-parser/binding-wasm32-wasi@0.124.0':
    resolution: {integrity: sha512-LWuq4Dl9tff7n+HjJcqoBjDlVCtruc0shgtdtGM+rTUIE9aFxHA/P+wCYR+aWMjN8m9vNaRME/sKXErmhmeKrA==}
    engines: {node: '>=14.0.0'}
    cpu: [wasm32]

  '@oxc-parser/binding-win32-arm64-msvc@0.124.0':
    resolution: {integrity: sha512-aOh3Lf3AeH0dgzT4yBXcArFZ8VhqNXwZ/xlN0GqBtgVaGoHOOqL2YHlcVIgT+ghsXPVR2PTtYgBiQ1CNK7jp5A==}
    engines: {node: ^20.19.0 || >=22.12.0}
    cpu: [arm64]
    os: [win32]

  '@oxc-parser/binding-win32-ia32-msvc@0.124.0':
    resolution: {integrity: sha512-sib5xC0nz/+SCpaETBuHBz4SXS02KuG5HtyOcHsO/SK5ZvLRGhOZx0elDKawjb6adFkD7dQCqpXUS25wY6ELKQ==}
    engines: {node: ^20.19.0 || >=22.12.0}
    cpu: [ia32]
    os: [win32]

  '@oxc-parser/binding-win32-x64-msvc@0.124.0':
    resolution: {integrity: sha512-UgojtjGUgZgAZQYt7SC6VO65OVdxEkRe2q+2vbHJO//18qw3Hrk6UvHGQKldsQKgbVcIBT/YBrt85YberiYIPQ==}
    engines: {node: ^20.19.0 || >=22.12.0}
    cpu: [x64]
    os: [win32]

  '@oxc-project/types@0.124.0':
    resolution: {integrity: sha512-VBFWMTBvHxS11Z5Lvlr3IWgrwhMTXV+Md+EQF0Xf60+wAdsGFTBx7X7K/hP4pi8N7dcm1RvcHwDxZ16Qx8keUg==}

  '@prettier/plugin-oxc@0.1.3':
    resolution: {integrity: sha512-aABz3zIRilpWMekbt1FL1JVBQrQLR8L4Td2SRctECrWSsXGTNn/G1BqNSKCdbvQS1LWstAXfqcXzDki7GAAJyg==}
    engines: {node: '>=14'}

  '@reteps/dockerfmt@0.5.2':
    resolution: {integrity: sha512-Hbr7yen4fP5TxGM54ucXa4o5NwWXatJ6Bd9I8gp0PValYbI4Rug2Gu+rVv7K7o/efQc3F5ctqWJz47rYaa8zBw==}
    engines: {node: ^v12.20.0 || ^14.13.0 || >=16.0.0}

  '@standard-config/prettier@1.12.0':
    resolution: {integrity: sha512-N5Uz1oRwIx0AbPz2H8a3AqfRBmUFDWc20N0w2oWViZx5wRA9heNQJ9VAJEVvI/362Up6j0HlJn4Mo2WvHsBZJQ==}
    engines: {node: '>=20'}
    peerDependencies:
      prettier: ^3.8.0

  '@tybys/wasm-util@0.10.1':
    resolution: {integrity: sha512-9tTaPJLSiejZKx+Bmog4uSubteqTvFrVrURwkmHixBo0G4seD0zUxp98E1DzUBJxLQ3NPwXrGKDiVjwx/DpPsg==}

  oxc-parser@0.124.0:
    resolution: {integrity: sha512-h07SFj/tp2U3cf3+LFX6MmOguQiM9ahwpGs0ZK5CGhgL8p4kk24etrJKsEzhXAvo7mfvoKTZooZ5MLKAPRmJ1g==}
    engines: {node: ^20.19.0 || >=22.12.0}

  prettier-plugin-expand-json@1.0.4:
    resolution: {integrity: sha512-uBC3RrA+XhyJlHwBfeYPjK2yRRsRqDXWxhacYj9W5VmHlAjVTqpgw3A0OpItlcq5RsHGDlr4R9qWdqvJGR2DXw==}
    engines: {node: '>=20'}
    peerDependencies:
      prettier: '>=3'

  prettier-plugin-markdown-html@1.4.0:
    resolution: {integrity: sha512-ZTvFGYVVEKNDhrTqf1Uk/9aQPvzHD1OxpXxpjagdXcQC3lsLf8Z6EccIyIncInhpbzE6mvQ8RvmoIjZdJyx8Og==}
    engines: {node: '>=20'}
    peerDependencies:
      prettier: '>=3'

  prettier-plugin-pkg@0.22.1:
    resolution: {integrity: sha512-l9qnxic48hgTXsvXi9yWWWzovpqkEYo/Ljf8Af7zSkDTNVmLwscXW63IEVMJXH94DyloO8YkogeLheJUzJh/ZQ==}
    engines: {node: ^14.18.0 || >=16.0.0}
    peerDependencies:
      prettier: ^3.0.3

  prettier-plugin-sh@0.18.1:
    resolution: {integrity: sha512-uZmU22wBMevjh3rmCatNQqiEer2+5KLa0xYCBX6zQQUQkcNzVL+s6FbPKK6ZSUNUbQk6jMAcQHrYPvuL2W6ihQ==}
    engines: {node: '>=16.0.0'}
    peerDependencies:
      prettier: ^3.6.0

  prettier-plugin-sort-json@4.2.0:
    resolution: {integrity: sha512-jK1w3/7otTvHtv1eoLji2U9mEoOGeyl7QQQ/afLnjht1YtRLSUUk8o0rIIC/HUVXhoGPCFe4SVZbRGYjjUVgvA==}
    engines: {node: '>=18.0.0'}
    peerDependencies:
      prettier: ^3.0.0

  prettier-plugin-yaml@1.1.3:
    resolution: {integrity: sha512-bsnlOo3vCBPDaf8nHLD838rqtUIOCn8qYPefhHn5/Z3GBdHphiPad5Q9r8wfBUtBgYrAuvO0y68IOwuPE6LfxQ==}
    engines: {node: '>=20'}
    peerDependencies:
      prettier: '>=3'

  prettier@3.8.2:
    resolution: {integrity: sha512-8c3mgTe0ASwWAJK+78dpviD+A8EqhndQPUBpNUIPt6+xWlIigCwfN01lWr9MAede4uqXGTEKeQWTvzb3vjia0Q==}
    engines: {node: '>=14'}
    hasBin: true

  sh-syntax@0.5.8:
    resolution: {integrity: sha512-JfVoxf4FxQI5qpsPbkHhZo+n6N9YMJobyl4oGEUBb/31oQYlgTjkXQD8PBiafS2UbWoxrTO0Z5PJUBXEPAG1Zw==}
    engines: {node: '>=16.0.0'}

  simple-git-hooks@2.13.1:
    resolution: {integrity: sha512-WszCLXwT4h2k1ufIXAgsbiTOazqqevFCIncOuUBZJ91DdvWcC5+OFkluWRQPrcuSYd8fjq+o2y1QfWqYMoAToQ==}
    hasBin: true

  tslib@2.8.1:
    resolution: {integrity: sha512-oJFu94HQb+KVduSUQL7wnpmqnfmLsOA/nAh6b6EH0wCEoK0/mPeXU6c3wKDV83MkOuHPRHtSXKKU99IBazS/2w==}

  yaml@2.8.3:
    resolution: {integrity: sha512-AvbaCLOO2Otw/lW5bmh9d/WEdcDFdQp2Z2ZUH3pX9U2ihyUY0nvLv7J6TrWowklRGPYbB/IuIMfYgxaCPg5Bpg==}
    engines: {node: '>= 14.6'}
    hasBin: true

snapshots:

  '@emnapi/core@1.9.2':
    dependencies:
      '@emnapi/wasi-threads': 1.2.1
      tslib: 2.8.1
    optional: true

  '@emnapi/runtime@1.9.2':
    dependencies:
      tslib: 2.8.1
    optional: true

  '@emnapi/wasi-threads@1.2.1':
    dependencies:
      tslib: 2.8.1
    optional: true

  '@napi-rs/wasm-runtime@1.1.1':
    dependencies:
      '@emnapi/core': 1.9.2
      '@emnapi/runtime': 1.9.2
      '@tybys/wasm-util': 0.10.1
    optional: true

  '@oxc-parser/binding-android-arm-eabi@0.124.0':
    optional: true

  '@oxc-parser/binding-android-arm64@0.124.0':
    optional: true

  '@oxc-parser/binding-darwin-arm64@0.124.0':
    optional: true

  '@oxc-parser/binding-darwin-x64@0.124.0':
    optional: true

  '@oxc-parser/binding-freebsd-x64@0.124.0':
    optional: true

  '@oxc-parser/binding-linux-arm-gnueabihf@0.124.0':
    optional: true

  '@oxc-parser/binding-linux-arm-musleabihf@0.124.0':
    optional: true

  '@oxc-parser/binding-linux-arm64-gnu@0.124.0':
    optional: true

  '@oxc-parser/binding-linux-arm64-musl@0.124.0':
    optional: true

  '@oxc-parser/binding-linux-ppc64-gnu@0.124.0':
    optional: true

  '@oxc-parser/binding-linux-riscv64-gnu@0.124.0':
    optional: true

  '@oxc-parser/binding-linux-riscv64-musl@0.124.0':
    optional: true

  '@oxc-parser/binding-linux-s390x-gnu@0.124.0':
    optional: true

  '@oxc-parser/binding-linux-x64-gnu@0.124.0':
    optional: true

  '@oxc-parser/binding-linux-x64-musl@0.124.0':
    optional: true

  '@oxc-parser/binding-openharmony-arm64@0.124.0':
    optional: true

  '@oxc-parser/binding-wasm32-wasi@0.124.0':
    dependencies:
      '@napi-rs/wasm-runtime': 1.1.1
    optional: true

  '@oxc-parser/binding-win32-arm64-msvc@0.124.0':
    optional: true

  '@oxc-parser/binding-win32-ia32-msvc@0.124.0':
    optional: true

  '@oxc-parser/binding-win32-x64-msvc@0.124.0':
    optional: true

  '@oxc-project/types@0.124.0': {}

  '@prettier/plugin-oxc@0.1.3':
    dependencies:
      oxc-parser: 0.124.0

  '@reteps/dockerfmt@0.5.2': {}

  '@standard-config/prettier@1.12.0(prettier@3.8.2)':
    dependencies:
      '@prettier/plugin-oxc': 0.1.3
      prettier: 3.8.2
      prettier-plugin-expand-json: 1.0.4(prettier@3.8.2)
      prettier-plugin-markdown-html: 1.4.0(prettier@3.8.2)
      prettier-plugin-pkg: 0.22.1(prettier@3.8.2)
      prettier-plugin-sh: 0.18.1(prettier@3.8.2)
      prettier-plugin-sort-json: 4.2.0(prettier@3.8.2)
      prettier-plugin-yaml: 1.1.3(prettier@3.8.2)

  '@tybys/wasm-util@0.10.1':
    dependencies:
      tslib: 2.8.1
    optional: true

  oxc-parser@0.124.0:
    dependencies:
      '@oxc-project/types': 0.124.0
    optionalDependencies:
      '@oxc-parser/binding-android-arm-eabi': 0.124.0
      '@oxc-parser/binding-android-arm64': 0.124.0
      '@oxc-parser/binding-darwin-arm64': 0.124.0
      '@oxc-parser/binding-darwin-x64': 0.124.0
      '@oxc-parser/binding-freebsd-x64': 0.124.0
      '@oxc-parser/binding-linux-arm-gnueabihf': 0.124.0
      '@oxc-parser/binding-linux-arm-musleabihf': 0.124.0
      '@oxc-parser/binding-linux-arm64-gnu': 0.124.0
      '@oxc-parser/binding-linux-arm64-musl': 0.124.0
      '@oxc-parser/binding-linux-ppc64-gnu': 0.124.0
      '@oxc-parser/binding-linux-riscv64-gnu': 0.124.0
      '@oxc-parser/binding-linux-riscv64-musl': 0.124.0
      '@oxc-parser/binding-linux-s390x-gnu': 0.124.0
      '@oxc-parser/binding-linux-x64-gnu': 0.124.0
      '@oxc-parser/binding-linux-x64-musl': 0.124.0
      '@oxc-parser/binding-openharmony-arm64': 0.124.0
      '@oxc-parser/binding-wasm32-wasi': 0.124.0
      '@oxc-parser/binding-win32-arm64-msvc': 0.124.0
      '@oxc-parser/binding-win32-ia32-msvc': 0.124.0
      '@oxc-parser/binding-win32-x64-msvc': 0.124.0

  prettier-plugin-expand-json@1.0.4(prettier@3.8.2):
    dependencies:
      prettier: 3.8.2

  prettier-plugin-markdown-html@1.4.0(prettier@3.8.2):
    dependencies:
      prettier: 3.8.2

  prettier-plugin-pkg@0.22.1(prettier@3.8.2):
    dependencies:
      prettier: 3.8.2

  prettier-plugin-sh@0.18.1(prettier@3.8.2):
    dependencies:
      '@reteps/dockerfmt': 0.5.2
      prettier: 3.8.2
      sh-syntax: 0.5.8

  prettier-plugin-sort-json@4.2.0(prettier@3.8.2):
    dependencies:
      prettier: 3.8.2

  prettier-plugin-yaml@1.1.3(prettier@3.8.2):
    dependencies:
      prettier: 3.8.2
      yaml: 2.8.3

  prettier@3.8.2: {}

  sh-syntax@0.5.8:
    dependencies:
      tslib: 2.8.1

  simple-git-hooks@2.13.1: {}

  tslib@2.8.1: {}

  yaml@2.8.3: {}
